
Microsoft Visual Studio Solution File, Format Version 12.00
# Visual Studio Version 17
VisualStudioVersion = 17.8.34525.116
MinimumVisualStudioVersion = 10.0.40219.1
Project("{FAE04EC0-301F-11D3-BF4B-00C04F79EFBC}") = "CompCompareExample", "CompCompareExample\CompCompareExample.csproj", "{9C3E6664-9247-456A-9C20-3ABD2763F64E}"
EndProject
Global
	GlobalSection(SolutionConfigurationPlatforms) = preSolution
		Debug|Any CPU = Debug|Any CPU
		Release|Any CPU = Release|Any CPU
	EndGlobalSection
	GlobalSection(ProjectConfigurationPlatforms) = postSolution
		{9C3E6664-9247-456A-9C20-3ABD2763F64E}.Debug|Any CPU.ActiveCfg = Debug|Any CPU
		{9C3E6664-9247-456A-9C20-3ABD2763F64E}.Debug|Any CPU.Build.0 = Debug|Any CPU
		{9C3E6664-9247-456A-9C20-3ABD2763F64E}.Release|Any CPU.ActiveCfg = Release|Any CPU
		{9C3E6664-9247-456A-9C20-3ABD2763F64E}.Release|Any CPU.Build.0 = Release|Any CPU
	EndGlobalSection
	GlobalSection(SolutionProperties) = preSolution
		HideSolutionNode = FALSE
	EndGlobalSection
	GlobalSection(ExtensibilityGlobals) = postSolution
		SolutionGuid = {9F1C6658-72DA-446C-BFF6-7A39A04CF1B6}
	EndGlobalSection
EndGlobal
